
Microsoft Visual Studio Solution File, Format Version 12.00
# Visual Studio Version 17
VisualStudioVersion = 17.7.34031.279
MinimumVisualStudioVersion = 10.0.40219.1
Project("{FAE04EC0-301F-11D3-BF4B-00C04F79EFBC}") = "Modul1", "Modul1\Modul1.csproj", "{98E53D23-BD2C-4A4B-9759-1C7701AB2E9B}"
EndProject
Global
	GlobalSection(SolutionConfigurationPlatforms) = preSolution
		Debug|Any CPU = Debug|Any CPU
		Release|Any CPU = Release|Any CPU
	EndGlobalSection
	GlobalSection(ProjectConfigurationPlatforms) = postSolution
		{98E53D23-BD2C-4A4B-9759-1C7701AB2E9B}.Debug|Any CPU.ActiveCfg = Debug|Any CPU
		{98E53D23-BD2C-4A4B-9759-1C7701AB2E9B}.Debug|Any CPU.Build.0 = Debug|Any CPU
		{98E53D23-BD2C-4A4B-9759-1C7701AB2E9B}.Release|Any CPU.ActiveCfg = Release|Any CPU
		{98E53D23-BD2C-4A4B-9759-1C7701AB2E9B}.Release|Any CPU.Build.0 = Release|Any CPU
	EndGlobalSection
	GlobalSection(SolutionProperties) = preSolution
		HideSolutionNode = FALSE
	EndGlobalSection
	GlobalSection(ExtensibilityGlobals) = postSolution
		SolutionGuid = {1A148893-E399-47A5-ADEA-3EFD41154816}
	EndGlobalSection
EndGlobal
